lockfileVersion: '9.0'

settings:
  autoInstallPeers: true
  excludeLinksFromLockfile: false

importers:

  .:
    dependencies:
      '@joaomoreno/unique-names-generator':
        specifier: ^5.2.0
        version: 5.2.0
      '@vscode/extension-telemetry':
        specifier: ^0.9.8
        version: 0.9.9(tslib@2.8.1)
      '@vscode/fs-copyfile':
        specifier: 2.0.0
        version: 2.0.0
      byline:
        specifier: ^5.0.0
        version: 5.0.0
      file-type:
        specifier: 21.3.2
        version: 21.3.2
      picomatch:
        specifier: 2.3.2
        version: 2.3.2
      vscode-uri:
        specifier: ^2.0.0
        version: 2.1.2
      which:
        specifier: 4.0.0
        version: 4.0.0
    devDependencies:
      '@types/byline':
        specifier: 4.2.31
        version: 4.2.31
      '@types/mocha':
        specifier: ^10.0.10
        version: 10.0.10
      '@types/node':
        specifier: 22.x
        version: 22.19.17
      '@types/picomatch':
        specifier: 2.3.0
        version: 2.3.0
      '@types/which':
        specifier: 3.0.0
        version: 3.0.0

packages:

  '@borewit/text-codec@0.2.2':
    resolution: {integrity: sha512-DDaRehssg1aNrH4+2hnj1B7vnUGEjU6OIlyRdkMd0aUdIUvKXrJfXsy8LVtXAy7DRvYVluWbMspsRhz2lcW0mQ==}

  '@joaomoreno/unique-names-generator@5.2.0':
    resolution: {integrity: sha512-JEh3qZ85Z6syFvQlhRGRyTPI1M5VticiiP8Xl8EV0XfyfI4Mwzd6Zw28BBrEgUJCYv/cpKCQClVj3J8Tn0KFiA==}
    engines: {node: '>=8'}

  '@microsoft/1ds-core-js@4.4.1':
    resolution: {integrity: sha512-utqwacfUkiGJROn4WC7aNdRBsRxwhNWXuqaJM2B0N0WHmv1+IhSuI7RQ3FHwxRP1dxZi/xn9aELMZ7HMStsW1w==}

  '@microsoft/1ds-post-js@4.4.1':
    resolution: {integrity: sha512-CkFEhDY7X8E2JLr6HsEvRiC0DaLOCsA7vlbq/9DJP65gAumgw2NnFNIAOg6Je5Geq1LDu76/nb2hP34p8eGggw==}

  '@microsoft/applicationinsights-channel-js@3.4.1':
    resolution: {integrity: sha512-QS1k6iwVwR1MznGAB1H0F9raqpevbFNbadLS5O1419pz9OEWBfF9wRQLnENCyo8QS9Q0IdiqnGAON/D8IywpWg==}
    peerDependencies:
      tslib: '>= 1.0.0'

  '@microsoft/applicationinsights-core-js@3.4.1':
    resolution: {integrity: sha512-eXIHZ1+nvBiJgVpufBiTP801Vtr5FEwjWZioUsb44NC/z/UcsZh2MDJ1mBpjaDO73LVYUw/ZZmDCCo6Pg/61kA==}
    peerDependencies:
      tslib: '>= 1.0.0'

  '@microsoft/applicationinsights-shims@3.0.1':
    resolution: {integrity: sha512-DKwboF47H1nb33rSUfjqI6ryX29v+2QWcTrRvcQDA32AZr5Ilkr7whOOSsD1aBzwqX0RJEIP1Z81jfE3NBm/Lg==}

  '@microsoft/applicationinsights-web-basic@3.4.1':
    resolution: {integrity: sha512-V/hSlauFp1thJa57+TMv5mAYinJAQUi4zOmDmpahnDgs8g1zrQ0D8QYDmu0Zfi+9GhoD80B4yJez2+ydJPJz2w==}
    peerDependencies:
      tslib: '>= 1.0.0'

  '@microsoft/dynamicproto-js@2.0.3':
    resolution: {integrity: sha512-JTWTU80rMy3mdxOjjpaiDQsTLZ6YSGGqsjURsY6AUQtIj0udlF/jYmhdLZu8693ZIC0T1IwYnFa0+QeiMnziBA==}

  '@nevware21/ts-async@0.5.5':
    resolution: {integrity: sha512-vwqaL05iJPjLeh5igPi8MeeAu10i+Aq7xko1fbo9F5Si6MnVN5505qaV7AhSdk5MCBJVT/UYMk3kgInNjDb4Ig==}

  '@nevware21/ts-utils@0.13.0':
    resolution: {integrity: sha512-F3mD+DsUn9OiZmZc5tg0oKqrJCtiCstwx+wE+DNzFYh2cCRUuzTYdK9zGGP/au2BWvbOQ6Tqlbjr2+dT1P3AlQ==}

  '@tokenizer/inflate@0.4.1':
    resolution: {integrity: sha512-2mAv+8pkG6GIZiF1kNg1jAjh27IDxEPKwdGul3snfztFerfPGI1LjDezZp3i7BElXompqEtPmoPx6c2wgtWsOA==}
    engines: {node: '>=18'}

  '@tokenizer/token@0.3.0':
    resolution: {integrity: sha512-OvjF+z51L3ov0OyAU0duzsYuvO01PH7x4t6DJx+guahgTnBHkhJdG7soQeTSFLWN3efnHyibZ4Z8l2EuWwJN3A==}

  '@types/byline@4.2.31':
    resolution: {integrity: sha512-TC6Ljn7tALesQMQyTNoMWoM44SNvWtCLkJDrA/TxcwE5ILkWt4zi5wbEokqiDk42S75eykAY1onPImWDybOkmQ==}

  '@types/mocha@10.0.10':
    resolution: {integrity: sha512-xPyYSz1cMPnJQhl0CLMH68j3gprKZaTjG3s5Vi+fDgx+uhG9NOXwbVt52eFS8ECyXhyKcjDLCBEqBExKuiZb7Q==}

  '@types/node@22.19.17':
    resolution: {integrity: sha512-wGdMcf+vPYM6jikpS/qhg6WiqSV/OhG+jeeHT/KlVqxYfD40iYJf9/AE1uQxVWFvU7MipKRkRv8NSHiCGgPr8Q==}

  '@types/picomatch@2.3.0':
    resolution: {integrity: sha512-O397rnSS9iQI4OirieAtsDqvCj4+3eY1J+EPdNTKuHuRWIfUoGyzX294o8C4KJYaLqgSrd2o60c5EqCU8Zv02g==}

  '@types/which@3.0.0':
    resolution: {integrity: sha512-ASCxdbsrwNfSMXALlC3Decif9rwDMu+80KGp5zI2RLRotfMsTv7fHL8W8VDp24wymzDyIFudhUeSCugrgRFfHQ==}

  '@vscode/extension-telemetry@0.9.9':
    resolution: {integrity: sha512-WG/H+H/JRMPnpbXMufXgXlaeJwKszXfAanOERV/nkXBbYyNw0KR84JjUjSg+TgkzYEF/ttRoHTP6fFZWkXdoDQ==}
    engines: {vscode: ^1.75.0}

  '@vscode/fs-copyfile@2.0.0':
    resolution: {integrity: sha512-ARb4+9rN905WjJtQ2mSBG/q4pjJkSRun/MkfCeRkk7h/5J8w4vd18NCePFJ/ZucIwXx/7mr9T6nz9Vtt1tk7hg==}
    engines: {node: '>=22.6.0'}

  byline@5.0.0:
    resolution: {integrity: sha512-s6webAy+R4SR8XVuJWt2V2rGvhnrhxN+9S15GNuTK3wKPOXFF6RNc+8ug2XhH+2s4f+uudG4kUVYmYOQWL2g0Q==}
    engines: {node: '>=0.10.0'}

  debug@4.4.3:
    resolution: {integrity: sha512-RGwwWnwQvkVfavKVt22FGLw+xYSdzARwm0ru6DhTVA3umU5hZc28V3kO4stgYryrTlLpuvgI9GiijltAjNbcqA==}
    engines: {node: '>=6.0'}
    peerDependencies:
      supports-color: '*'
    peerDependenciesMeta:
      supports-color:
        optional: true

  file-type@21.3.2:
    resolution: {integrity: sha512-DLkUvGwep3poOV2wpzbHCOnSKGk1LzyXTv+aHFgN2VFl96wnp8YA9YjO2qPzg5PuL8q/SW9Pdi6WTkYOIh995w==}
    engines: {node: '>=20'}

  ieee754@1.2.1:
    resolution: {integrity: sha512-dcyqhDvX1C46lXZcVqCpK+FtMRQVdIMN6/Df5js2zouUsqG7I6sFxitIC+7KYK29KdXOLHdu9zL4sFnoVQnqaA==}

  isexe@3.1.5:
    resolution: {integrity: sha512-6B3tLtFqtQS4ekarvLVMZ+X+VlvQekbe4taUkf/rhVO3d/h0M2rfARm/pXLcPEsjjMsFgrFgSrhQIxcSVrBz8w==}
    engines: {node: '>=18'}

  ms@2.1.3:
    resolution: {integrity: sha512-6FlzubTLZG3J2a/NVCAleEhjzq5oxgHyaCU9yYXvcLsvoVaHJq/s5xXI6/XXP6tz7R9xAOtHnSO/tXtF3WRTlA==}

  node-addon-api@7.1.1:
    resolution: {integrity: sha512-5m3bsyrjFWE1xf7nz7YXdN4udnVtXK6/Yfgn5qnahL6bCkf2yKt4k3nuTKAtT4r3IG8JNR2ncsIMdZuAzJjHQQ==}

  picomatch@2.3.2:
    resolution: {integrity: sha512-V7+vQEJ06Z+c5tSye8S+nHUfI51xoXIXjHQ99cQtKUkQqqO1kO/KCJUfZXuB47h/YBlDhah2H3hdUGXn8ie0oA==}
    engines: {node: '>=8.6'}

  strtok3@10.3.5:
    resolution: {integrity: sha512-ki4hZQfh5rX0QDLLkOCj+h+CVNkqmp/CMf8v8kZpkNVK6jGQooMytqzLZYUVYIZcFZ6yDB70EfD8POcFXiF5oA==}
    engines: {node: '>=18'}

  token-types@6.1.2:
    resolution: {integrity: sha512-dRXchy+C0IgK8WPC6xvCHFRIWYUbqqdEIKPaKo/AcTUNzwLTK6AH7RjdLWsEZcAN/TBdtfUw3PYEgPr5VPr6ww==}
    engines: {node: '>=14.16'}

  tslib@2.8.1:
    resolution: {integrity: sha512-oJFu94HQb+KVduSUQL7wnpmqnfmLsOA/nAh6b6EH0wCEoK0/mPeXU6c3wKDV83MkOuHPRHtSXKKU99IBazS/2w==}

  uint8array-extras@1.5.0:
    resolution: {integrity: sha512-rvKSBiC5zqCCiDZ9kAOszZcDvdAHwwIKJG33Ykj43OKcWsnmcBRL09YTU4nOeHZ8Y2a7l1MgTd08SBe9A8Qj6A==}
    engines: {node: '>=18'}

  undici-types@6.21.0:
    resolution: {integrity: sha512-iwDZqg0QAGrg9Rav5H4n0M64c3mkR59cJ6wQp+7C4nI0gsmExaedaYLNO44eT4AtBBwjbTiGPMlt2Md0T9H9JQ==}

  vscode-uri@2.1.2:
    resolution: {integrity: sha512-8TEXQxlldWAuIODdukIb+TR5s+9Ds40eSJrw+1iDDA9IFORPjMELarNQE3myz5XIkWWpdprmJjm1/SxMlWOC8A==}

  which@4.0.0:
    resolution: {integrity: sha512-GlaYyEb07DPxYCKhKzplCWBJtvxZcZMrL+4UkrTSJHHPyZU4mYYTv3qaOe77H7EODLSSopAUFAc6W8U4yqvscg==}
    engines: {node: ^16.13.0 || >=18.0.0}
    hasBin: true

snapshots:

  '@borewit/text-codec@0.2.2': {}

  '@joaomoreno/unique-names-generator@5.2.0': {}

  '@microsoft/1ds-core-js@4.4.1(tslib@2.8.1)':
    dependencies:
      '@microsoft/applicationinsights-core-js': 3.4.1(tslib@2.8.1)
      '@microsoft/applicationinsights-shims': 3.0.1
      '@microsoft/dynamicproto-js': 2.0.3
      '@nevware21/ts-async': 0.5.5
      '@nevware21/ts-utils': 0.13.0
    transitivePeerDependencies:
      - tslib

  '@microsoft/1ds-post-js@4.4.1(tslib@2.8.1)':
    dependencies:
      '@microsoft/applicationinsights-core-js': 3.4.1(tslib@2.8.1)
      '@microsoft/applicationinsights-shims': 3.0.1
      '@microsoft/dynamicproto-js': 2.0.3
      '@nevware21/ts-async': 0.5.5
      '@nevware21/ts-utils': 0.13.0
    transitivePeerDependencies:
      - tslib

  '@microsoft/applicationinsights-channel-js@3.4.1(tslib@2.8.1)':
    dependencies:
      '@microsoft/applicationinsights-core-js': 3.4.1(tslib@2.8.1)
      '@microsoft/applicationinsights-shims': 3.0.1
      '@microsoft/dynamicproto-js': 2.0.3
      '@nevware21/ts-async': 0.5.5
      '@nevware21/ts-utils': 0.13.0
      tslib: 2.8.1

  '@microsoft/applicationinsights-core-js@3.4.1(tslib@2.8.1)':
    dependencies:
      '@microsoft/applicationinsights-shims': 3.0.1
      '@microsoft/dynamicproto-js': 2.0.3
      '@nevware21/ts-async': 0.5.5
      '@nevware21/ts-utils': 0.13.0
      tslib: 2.8.1

  '@microsoft/applicationinsights-shims@3.0.1':
    dependencies:
      '@nevware21/ts-utils': 0.13.0

  '@microsoft/applicationinsights-web-basic@3.4.1(tslib@2.8.1)':
    dependencies:
      '@microsoft/applicationinsights-channel-js': 3.4.1(tslib@2.8.1)
      '@microsoft/applicationinsights-core-js': 3.4.1(tslib@2.8.1)
      '@microsoft/applicationinsights-shims': 3.0.1
      '@microsoft/dynamicproto-js': 2.0.3
      '@nevware21/ts-async': 0.5.5
      '@nevware21/ts-utils': 0.13.0
      tslib: 2.8.1

  '@microsoft/dynamicproto-js@2.0.3':
    dependencies:
      '@nevware21/ts-utils': 0.13.0

  '@nevware21/ts-async@0.5.5':
    dependencies:
      '@nevware21/ts-utils': 0.13.0

  '@nevware21/ts-utils@0.13.0': {}

  '@tokenizer/inflate@0.4.1':
    dependencies:
      debug: 4.4.3
      token-types: 6.1.2
    transitivePeerDependencies:
      - supports-color

  '@tokenizer/token@0.3.0': {}

  '@types/byline@4.2.31':
    dependencies:
      '@types/node': 22.19.17

  '@types/mocha@10.0.10': {}

  '@types/node@22.19.17':
    dependencies:
      undici-types: 6.21.0

  '@types/picomatch@2.3.0': {}

  '@types/which@3.0.0': {}

  '@vscode/extension-telemetry@0.9.9(tslib@2.8.1)':
    dependencies:
      '@microsoft/1ds-core-js': 4.4.1(tslib@2.8.1)
      '@microsoft/1ds-post-js': 4.4.1(tslib@2.8.1)
      '@microsoft/applicationinsights-web-basic': 3.4.1(tslib@2.8.1)
    transitivePeerDependencies:
      - tslib

  '@vscode/fs-copyfile@2.0.0':
    dependencies:
      node-addon-api: 7.1.1

  byline@5.0.0: {}

  debug@4.4.3:
    dependencies:
      ms: 2.1.3

  file-type@21.3.2:
    dependencies:
      '@tokenizer/inflate': 0.4.1
      strtok3: 10.3.5
      token-types: 6.1.2
      uint8array-extras: 1.5.0
    transitivePeerDependencies:
      - supports-color

  ieee754@1.2.1: {}

  isexe@3.1.5: {}

  ms@2.1.3: {}

  node-addon-api@7.1.1: {}

  picomatch@2.3.2: {}

  strtok3@10.3.5:
    dependencies:
      '@tokenizer/token': 0.3.0

  token-types@6.1.2:
    dependencies:
      '@borewit/text-codec': 0.2.2
      '@tokenizer/token': 0.3.0
      ieee754: 1.2.1

  tslib@2.8.1: {}

  uint8array-extras@1.5.0: {}

  undici-types@6.21.0: {}

  vscode-uri@2.1.2: {}

  which@4.0.0:
    dependencies:
      isexe: 3.1.5
