lockfileVersion: '9.0'

settings:
  autoInstallPeers: true
  excludeLinksFromLockfile: false

importers:

  .:
    dependencies:
      '@vscode/l10n':
        specifier: ^0.0.18
        version: 0.0.18
      jsonc-parser:
        specifier: ^3.3.1
        version: 3.3.1
      request-light:
        specifier: ^0.8.0
        version: 0.8.0
      vscode-json-languageservice:
        specifier: ^5.7.2
        version: 5.7.2
      vscode-languageserver:
        specifier: ^10.0.0-next.16
        version: 10.0.0-next.17
      vscode-uri:
        specifier: ^3.1.0
        version: 3.1.0
    devDependencies:
      '@types/mocha':
        specifier: ^10.0.10
        version: 10.0.10
      '@types/node':
        specifier: 22.x
        version: 22.19.17

packages:

  '@types/mocha@10.0.10':
    resolution: {integrity: sha512-xPyYSz1cMPnJQhl0CLMH68j3gprKZaTjG3s5Vi+fDgx+uhG9NOXwbVt52eFS8ECyXhyKcjDLCBEqBExKuiZb7Q==}

  '@types/node@22.19.17':
    resolution: {integrity: sha512-wGdMcf+vPYM6jikpS/qhg6WiqSV/OhG+jeeHT/KlVqxYfD40iYJf9/AE1uQxVWFvU7MipKRkRv8NSHiCGgPr8Q==}

  '@vscode/l10n@0.0.18':
    resolution: {integrity: sha512-KYSIHVmslkaCDyw013pphY+d7x1qV8IZupYfeIfzNA+nsaWHbn5uPuQRvdRFsa9zFzGeudPuoGoZ1Op4jrJXIQ==}

  jsonc-parser@3.3.1:
    resolution: {integrity: sha512-HUgH65KyejrUFPvHFPbqOY0rsFip3Bo5wb4ngvdi1EpCYWUQDC5V+Y7mZws+DLkr4M//zQJoanu1SP+87Dv1oQ==}

  request-light@0.8.0:
    resolution: {integrity: sha512-bH6E4PMmsEXYrLX6Kr1vu+xI3HproB1vECAwaPSJeroLE1kpWE3HR27uB4icx+6YORu1ajqBJXxuedv8ZQg5Lw==}

  undici-types@6.21.0:
    resolution: {integrity: sha512-iwDZqg0QAGrg9Rav5H4n0M64c3mkR59cJ6wQp+7C4nI0gsmExaedaYLNO44eT4AtBBwjbTiGPMlt2Md0T9H9JQ==}

  vscode-json-languageservice@5.7.2:
    resolution: {integrity: sha512-WtKRDtJfFEmLrgtu+ODexOHm/6/krRF0k6t+uvkKIKW1Jh9ZIyxZQwJJwB3qhrEgvAxa37zbUg+vn+UyUK/U2w==}

  vscode-jsonrpc@9.0.0-next.11:
    resolution: {integrity: sha512-u6LElQNbSiE9OugEEmrUKwH6+8BpPz2S5MDHvQUqHL//I4Q8GPikKLOUf856UnbLkZdhxaPrExac1lA3XwpIPA==}
    engines: {node: '>=14.0.0'}

  vscode-languageserver-protocol@3.17.6-next.17:
    resolution: {integrity: sha512-HW72YcFsuckfK6oPVuysRXhKiIFJoUvXgspPHvCMWpwe2x9aq2oGZDUSvKx4m/qUGB27+iu8ijAxsFlljYl2IQ==}

  vscode-languageserver-textdocument@1.0.12:
    resolution: {integrity: sha512-cxWNPesCnQCcMPeenjKKsOCKQZ/L6Tv19DTRIGuLWe32lyzWhihGVJ/rcckZXJxfdKCFvRLS3fpBIsV/ZGX4zA==}

  vscode-languageserver-types@3.17.5:
    resolution: {integrity: sha512-Ld1VelNuX9pdF39h2Hgaeb5hEZM2Z3jUrrMgWQAu82jMtZp7p3vJT3BzToKtZI7NgQssZje5o0zryOrhQvzQAg==}

  vscode-languageserver-types@3.17.6-next.6:
    resolution: {integrity: sha512-aiJY5/yW+xzw7KPNlwi3gQtddq/3EIn5z8X8nCgJfaiAij2R1APKePngv+MUdLdYJBVTLu+Qa0ODsT+pHgYguQ==}

  vscode-languageserver@10.0.0-next.17:
    resolution: {integrity: sha512-/bwO/E3RUzIkQ1BQ70gcLdZeM8xvK0JS7gMvtug7yiH0dzTjciqqQTUh3H9NEXsqYEjLzGwiXgRUkt6Z8fQV0Q==}
    hasBin: true

  vscode-uri@3.1.0:
    resolution: {integrity: sha512-/BpdSx+yCQGnCvecbyXdxHDkuk55/G3xwnC0GqY4gmQ3j+A+g8kzzgB4Nk/SINjqn6+waqw3EgbVF2QKExkRxQ==}

snapshots:

  '@types/mocha@10.0.10': {}

  '@types/node@22.19.17':
    dependencies:
      undici-types: 6.21.0

  '@vscode/l10n@0.0.18': {}

  jsonc-parser@3.3.1: {}

  request-light@0.8.0: {}

  undici-types@6.21.0: {}

  vscode-json-languageservice@5.7.2:
    dependencies:
      '@vscode/l10n': 0.0.18
      jsonc-parser: 3.3.1
      vscode-languageserver-textdocument: 1.0.12
      vscode-languageserver-types: 3.17.5
      vscode-uri: 3.1.0

  vscode-jsonrpc@9.0.0-next.11: {}

  vscode-languageserver-protocol@3.17.6-next.17:
    dependencies:
      vscode-jsonrpc: 9.0.0-next.11
      vscode-languageserver-types: 3.17.6-next.6

  vscode-languageserver-textdocument@1.0.12: {}

  vscode-languageserver-types@3.17.5: {}

  vscode-languageserver-types@3.17.6-next.6: {}

  vscode-languageserver@10.0.0-next.17:
    dependencies:
      vscode-languageserver-protocol: 3.17.6-next.17

  vscode-uri@3.1.0: {}
