lockfileVersion: '9.0'

settings:
  autoInstallPeers: true
  excludeLinksFromLockfile: false

importers:

  .:
    dependencies:
      vscode-languageclient:
        specifier: ^10.0.0-next.20
        version: 10.0.0-next.21
      vscode-uri:
        specifier: ^3.1.0
        version: 3.1.0
    devDependencies:
      '@types/node':
        specifier: 22.x
        version: 22.19.17

packages:

  '@types/node@22.19.17':
    resolution: {integrity: sha512-wGdMcf+vPYM6jikpS/qhg6WiqSV/OhG+jeeHT/KlVqxYfD40iYJf9/AE1uQxVWFvU7MipKRkRv8NSHiCGgPr8Q==}

  balanced-match@4.0.4:
    resolution: {integrity: sha512-BLrgEcRTwX2o6gGxGOCNyMvGSp35YofuYzw9h1IMTRmKqttAZZVU67bdb9Pr2vUHA8+j3i2tJfjO6C6+4myGTA==}
    engines: {node: 18 || 20 || >=22}

  brace-expansion@5.0.5:
    resolution: {integrity: sha512-VZznLgtwhn+Mact9tfiwx64fA9erHH/MCXEUfB/0bX/6Fz6ny5EGTXYltMocqg4xFAQZtnO3DHWWXi8RiuN7cQ==}
    engines: {node: 18 || 20 || >=22}

  minimatch@10.2.5:
    resolution: {integrity: sha512-MULkVLfKGYDFYejP07QOurDLLQpcjk7Fw+7jXS2R2czRQzR56yHRveU5NDJEOviH+hETZKSkIk5c+T23GjFUMg==}
    engines: {node: 18 || 20 || >=22}

  semver@7.7.4:
    resolution: {integrity: sha512-vFKC2IEtQnVhpT78h1Yp8wzwrf8CM+MzKMHGJZfBtzhZNycRFnXsHk6E5TxIkkMsgNS7mdX3AGB7x2QM2di4lA==}
    engines: {node: '>=10'}
    hasBin: true

  undici-types@6.21.0:
    resolution: {integrity: sha512-iwDZqg0QAGrg9Rav5H4n0M64c3mkR59cJ6wQp+7C4nI0gsmExaedaYLNO44eT4AtBBwjbTiGPMlt2Md0T9H9JQ==}

  vscode-jsonrpc@9.0.0-next.11:
    resolution: {integrity: sha512-u6LElQNbSiE9OugEEmrUKwH6+8BpPz2S5MDHvQUqHL//I4Q8GPikKLOUf856UnbLkZdhxaPrExac1lA3XwpIPA==}
    engines: {node: '>=14.0.0'}

  vscode-languageclient@10.0.0-next.21:
    resolution: {integrity: sha512-nXZPEam+j5pEFYcXnsjBhmjfzg5a/wYJT5iG4cBTJ7UJ6bhJkoU80mlAEPStJpPYHrgWaaPonwymQE21ROkvMw==}
    engines: {vscode: ^1.91.0}

  vscode-languageserver-protocol@3.17.6-next.17:
    resolution: {integrity: sha512-HW72YcFsuckfK6oPVuysRXhKiIFJoUvXgspPHvCMWpwe2x9aq2oGZDUSvKx4m/qUGB27+iu8ijAxsFlljYl2IQ==}

  vscode-languageserver-types@3.17.6-next.6:
    resolution: {integrity: sha512-aiJY5/yW+xzw7KPNlwi3gQtddq/3EIn5z8X8nCgJfaiAij2R1APKePngv+MUdLdYJBVTLu+Qa0ODsT+pHgYguQ==}

  vscode-uri@3.1.0:
    resolution: {integrity: sha512-/BpdSx+yCQGnCvecbyXdxHDkuk55/G3xwnC0GqY4gmQ3j+A+g8kzzgB4Nk/SINjqn6+waqw3EgbVF2QKExkRxQ==}

snapshots:

  '@types/node@22.19.17':
    dependencies:
      undici-types: 6.21.0

  balanced-match@4.0.4: {}

  brace-expansion@5.0.5:
    dependencies:
      balanced-match: 4.0.4

  minimatch@10.2.5:
    dependencies:
      brace-expansion: 5.0.5

  semver@7.7.4: {}

  undici-types@6.21.0: {}

  vscode-jsonrpc@9.0.0-next.11: {}

  vscode-languageclient@10.0.0-next.21:
    dependencies:
      minimatch: 10.2.5
      semver: 7.7.4
      vscode-languageserver-protocol: 3.17.6-next.17

  vscode-languageserver-protocol@3.17.6-next.17:
    dependencies:
      vscode-jsonrpc: 9.0.0-next.11
      vscode-languageserver-types: 3.17.6-next.6

  vscode-languageserver-types@3.17.6-next.6: {}

  vscode-uri@3.1.0: {}
