lockfileVersion: '9.0'

settings:
  autoInstallPeers: true
  excludeLinksFromLockfile: false

importers:

  .:
    dependencies:
      '@emmetio/css-parser':
        specifier: ramya-rao-a/css-parser#vscode
        version: https://codeload.github.com/ramya-rao-a/css-parser/tar.gz/370c480ac103bd17c7bcfb34bf5d577dc40d3660
      '@emmetio/html-matcher':
        specifier: ^0.3.3
        version: 0.3.3
      '@emmetio/math-expression':
        specifier: ^1.0.5
        version: 1.0.5
      '@vscode/emmet-helper':
        specifier: ^2.8.8
        version: 2.11.0
      image-size:
        specifier: ~1.0.0
        version: 1.0.2
      vscode-languageserver-textdocument:
        specifier: ^1.0.1
        version: 1.0.12
    devDependencies:
      '@types/node':
        specifier: 22.x
        version: 22.19.17

packages:

  '@emmetio/abbreviation@2.3.3':
    resolution: {integrity: sha512-mgv58UrU3rh4YgbE/TzgLQwJ3pFsHHhCLqY20aJq+9comytTXUDNGG/SMtSeMJdkpxgXSXunBGLD8Boka3JyVA==}

  '@emmetio/css-abbreviation@2.1.8':
    resolution: {integrity: sha512-s9yjhJ6saOO/uk1V74eifykk2CBYi01STTK3WlXWGOepyKa23ymJ053+DNQjpFcy1ingpaO7AxCcwLvHFY9tuw==}

  '@emmetio/css-parser@https://codeload.github.com/ramya-rao-a/css-parser/tar.gz/370c480ac103bd17c7bcfb34bf5d577dc40d3660':
    resolution: {tarball: https://codeload.github.com/ramya-rao-a/css-parser/tar.gz/370c480ac103bd17c7bcfb34bf5d577dc40d3660}
    version: 0.4.0

  '@emmetio/html-matcher@0.3.3':
    resolution: {integrity: sha512-+aeGmFXoR36nk2qzqPhBnWjnB38BV+dreTh/tsfbWP9kHv7fqRa9XuG1BSQFbPtKzsjUsBvGXkgGU3G8MkMw6A==}

  '@emmetio/math-expression@1.0.5':
    resolution: {integrity: sha512-qf5SXD/ViS04rXSeDg9CRGM10xLC9dVaKIbMHrrwxYr5LNB/C0rOfokhGSBwnVQKcidLmdRJeNWH1V1tppZ84Q==}

  '@emmetio/scanner@1.0.4':
    resolution: {integrity: sha512-IqRuJtQff7YHHBk4G8YZ45uB9BaAGcwQeVzgj/zj8/UdOhtQpEIupUhSk8dys6spFIWVZVeK20CzGEnqR5SbqA==}

  '@emmetio/stream-reader-utils@0.1.0':
    resolution: {integrity: sha512-ZsZ2I9Vzso3Ho/pjZFsmmZ++FWeEd/txqybHTm4OgaZzdS8V9V/YYWQwg5TC38Z7uLWUV1vavpLLbjJtKubR1A==}

  '@emmetio/stream-reader@2.2.0':
    resolution: {integrity: sha512-fXVXEyFA5Yv3M3n8sUGT7+fvecGrZP4k6FnWWMSZVQf69kAq0LLpaBQLGcPR30m3zMmKYhECP4k/ZkzvhEW5kw==}

  '@types/node@22.19.17':
    resolution: {integrity: sha512-wGdMcf+vPYM6jikpS/qhg6WiqSV/OhG+jeeHT/KlVqxYfD40iYJf9/AE1uQxVWFvU7MipKRkRv8NSHiCGgPr8Q==}

  '@vscode/emmet-helper@2.11.0':
    resolution: {integrity: sha512-QLxjQR3imPZPQltfbWRnHU6JecWTF1QSWhx3GAKQpslx7y3Dp6sIIXhKjiUJ/BR9FX8PVthjr9PD6pNwOJfAzw==}

  emmet@2.4.11:
    resolution: {integrity: sha512-23QPJB3moh/U9sT4rQzGgeyyGIrcM+GH5uVYg2C6wZIxAIJq7Ng3QLT79tl8FUwDXhyq9SusfknOrofAKqvgyQ==}

  image-size@1.0.2:
    resolution: {integrity: sha512-xfOoWjceHntRb3qFCrh5ZFORYH8XCdYpASltMhZ/Q0KZiOwjdE/Yl2QCiWdwD+lygV5bMCvauzgu5PxBX/Yerg==}
    engines: {node: '>=14.0.0'}
    hasBin: true

  inherits@2.0.4:
    resolution: {integrity: sha512-k/vGaX4/Yla3WzyMCvTQOXYeIHvqOKtnqBduzTHpzpQZzAskKMhZ2K+EnBiSM9zGSoIFeMpXKxa4dYeZIQqewQ==}

  jsonc-parser@2.3.1:
    resolution: {integrity: sha512-H8jvkz1O50L3dMZCsLqiuB2tA7muqbSg1AtGEkN0leAqGjsUzDJir3Zwr02BhqdcITPg3ei3mZ+HjMocAknhhg==}

  queue@6.0.2:
    resolution: {integrity: sha512-iHZWu+q3IdFZFX36ro/lKBkSvfkztY5Y7HMiPlOUjhupPcG2JMfst2KKEpu5XndviX/3UhFbRngUPNKtgvtZiA==}

  undici-types@6.21.0:
    resolution: {integrity: sha512-iwDZqg0QAGrg9Rav5H4n0M64c3mkR59cJ6wQp+7C4nI0gsmExaedaYLNO44eT4AtBBwjbTiGPMlt2Md0T9H9JQ==}

  vscode-languageserver-textdocument@1.0.12:
    resolution: {integrity: sha512-cxWNPesCnQCcMPeenjKKsOCKQZ/L6Tv19DTRIGuLWe32lyzWhihGVJ/rcckZXJxfdKCFvRLS3fpBIsV/ZGX4zA==}

  vscode-languageserver-types@3.17.5:
    resolution: {integrity: sha512-Ld1VelNuX9pdF39h2Hgaeb5hEZM2Z3jUrrMgWQAu82jMtZp7p3vJT3BzToKtZI7NgQssZje5o0zryOrhQvzQAg==}

  vscode-uri@3.1.0:
    resolution: {integrity: sha512-/BpdSx+yCQGnCvecbyXdxHDkuk55/G3xwnC0GqY4gmQ3j+A+g8kzzgB4Nk/SINjqn6+waqw3EgbVF2QKExkRxQ==}

snapshots:

  '@emmetio/abbreviation@2.3.3':
    dependencies:
      '@emmetio/scanner': 1.0.4

  '@emmetio/css-abbreviation@2.1.8':
    dependencies:
      '@emmetio/scanner': 1.0.4

  '@emmetio/css-parser@https://codeload.github.com/ramya-rao-a/css-parser/tar.gz/370c480ac103bd17c7bcfb34bf5d577dc40d3660':
    dependencies:
      '@emmetio/stream-reader': 2.2.0
      '@emmetio/stream-reader-utils': 0.1.0

  '@emmetio/html-matcher@0.3.3':
    dependencies:
      '@emmetio/stream-reader': 2.2.0
      '@emmetio/stream-reader-utils': 0.1.0

  '@emmetio/math-expression@1.0.5':
    dependencies:
      '@emmetio/scanner': 1.0.4

  '@emmetio/scanner@1.0.4': {}

  '@emmetio/stream-reader-utils@0.1.0': {}

  '@emmetio/stream-reader@2.2.0': {}

  '@types/node@22.19.17':
    dependencies:
      undici-types: 6.21.0

  '@vscode/emmet-helper@2.11.0':
    dependencies:
      emmet: 2.4.11
      jsonc-parser: 2.3.1
      vscode-languageserver-textdocument: 1.0.12
      vscode-languageserver-types: 3.17.5
      vscode-uri: 3.1.0

  emmet@2.4.11:
    dependencies:
      '@emmetio/abbreviation': 2.3.3
      '@emmetio/css-abbreviation': 2.1.8

  image-size@1.0.2:
    dependencies:
      queue: 6.0.2

  inherits@2.0.4: {}

  jsonc-parser@2.3.1: {}

  queue@6.0.2:
    dependencies:
      inherits: 2.0.4

  undici-types@6.21.0: {}

  vscode-languageserver-textdocument@1.0.12: {}

  vscode-languageserver-types@3.17.5: {}

  vscode-uri@3.1.0: {}
